
Microsoft Visual Studio Solution File, Format Version 12.00
# Visual Studio Version 17
VisualStudioVersion = 17.4.33110.190
MinimumVisualStudioVersion = 10.0.40219.1
Project("{8BC9CEB8-8B4A-11D0-8D11-00A0C91BC942}") = "TestWinAPI", "TestWinAPI\TestWinAPI.vcxproj", "{478624EA-31A8-4756-B547-914236394CB9}"
EndProject
Project("{8BC9CEB8-8B4A-11D0-8D11-00A0C91BC942}") = "DialogBox", "DialogBox\DialogBox.vcxproj", "{11575918-2C25-4B8E-8E15-01BCF7DD217E}"
EndProject
Project("{8BC9CEB8-8B4A-11D0-8D11-00A0C91BC942}") = "ComboBox", "ComboBox\ComboBox.vcxproj", "{259B99F6-E8B4-4A70-B816-9985B37544FD}"
EndProject
Project("{8BC9CEB8-8B4A-11D0-8D11-00A0C91BC942}") = "ListBox", "ListBox\ListBox.vcxproj", "{5001AEC7-2104-404A-A2BF-DD7A1862D501}"
EndProject
Project("{8BC9CEB8-8B4A-11D0-8D11-00A0C91BC942}") = "Concatenator", "Concatenator\Concatenator.vcxproj", "{344A092E-ED64-4B34-BE2B-129EBC7A9106}"
EndProject
Global
	GlobalSection(SolutionConfigurationPlatforms) = preSolution
		Debug|x64 = Debug|x64
		Debug|x86 = Debug|x86
		Release|x64 = Release|x64
		Release|x86 = Release|x86
	EndGlobalSection
	GlobalSection(ProjectConfigurationPlatforms) = postSolution
		{478624EA-31A8-4756-B547-914236394CB9}.Debug|x64.ActiveCfg = Debug|x64
		{478624EA-31A8-4756-B547-914236394CB9}.Debug|x64.Build.0 = Debug|x64
		{478624EA-31A8-4756-B547-914236394CB9}.Debug|x86.ActiveCfg = Debug|Win32
		{478624EA-31A8-4756-B547-914236394CB9}.Debug|x86.Build.0 = Debug|Win32
		{478624EA-31A8-4756-B547-914236394CB9}.Release|x64.ActiveCfg = Release|x64
		{478624EA-31A8-4756-B547-914236394CB9}.Release|x64.Build.0 = Release|x64
		{478624EA-31A8-4756-B547-914236394CB9}.Release|x86.ActiveCfg = Release|Win32
		{478624EA-31A8-4756-B547-914236394CB9}.Release|x86.Build.0 = Release|Win32
		{11575918-2C25-4B8E-8E15-01BCF7DD217E}.Debug|x64.ActiveCfg = Debug|x64
		{11575918-2C25-4B8E-8E15-01BCF7DD217E}.Debug|x64.Build.0 = Debug|x64
		{11575918-2C25-4B8E-8E15-01BCF7DD217E}.Debug|x86.ActiveCfg = Debug|Win32
		{11575918-2C25-4B8E-8E15-01BCF7DD217E}.Debug|x86.Build.0 = Debug|Win32
		{11575918-2C25-4B8E-8E15-01BCF7DD217E}.Release|x64.ActiveCfg = Release|x64
		{11575918-2C25-4B8E-8E15-01BCF7DD217E}.Release|x64.Build.0 = Release|x64
		{11575918-2C25-4B8E-8E15-01BCF7DD217E}.Release|x86.ActiveCfg = Release|Win32
		{11575918-2C25-4B8E-8E15-01BCF7DD217E}.Release|x86.Build.0 = Release|Win32
		{259B99F6-E8B4-4A70-B816-9985B37544FD}.Debug|x64.ActiveCfg = Debug|x64
		{259B99F6-E8B4-4A70-B816-9985B37544FD}.Debug|x64.Build.0 = Debug|x64
		{259B99F6-E8B4-4A70-B816-9985B37544FD}.Debug|x86.ActiveCfg = Debug|Win32
		{259B99F6-E8B4-4A70-B816-9985B37544FD}.Debug|x86.Build.0 = Debug|Win32
		{259B99F6-E8B4-4A70-B816-9985B37544FD}.Release|x64.ActiveCfg = Release|x64
		{259B99F6-E8B4-4A70-B816-9985B37544FD}.Release|x64.Build.0 = Release|x64
		{259B99F6-E8B4-4A70-B816-9985B37544FD}.Release|x86.ActiveCfg = Release|Win32
		{259B99F6-E8B4-4A70-B816-9985B37544FD}.Release|x86.Build.0 = Release|Win32
		{5001AEC7-2104-404A-A2BF-DD7A1862D501}.Debug|x64.ActiveCfg = Debug|x64
		{5001AEC7-2104-404A-A2BF-DD7A1862D501}.Debug|x64.Build.0 = Debug|x64
		{5001AEC7-2104-404A-A2BF-DD7A1862D501}.Debug|x86.ActiveCfg = Debug|Win32
		{5001AEC7-2104-404A-A2BF-DD7A1862D501}.Debug|x86.Build.0 = Debug|Win32
		{5001AEC7-2104-404A-A2BF-DD7A1862D501}.Release|x64.ActiveCfg = Release|x64
		{5001AEC7-2104-404A-A2BF-DD7A1862D501}.Release|x64.Build.0 = Release|x64
		{5001AEC7-2104-404A-A2BF-DD7A1862D501}.Release|x86.ActiveCfg = Release|Win32
		{5001AEC7-2104-404A-A2BF-DD7A1862D501}.Release|x86.Build.0 = Release|Win32
		{344A092E-ED64-4B34-BE2B-129EBC7A9106}.Debug|x64.ActiveCfg = Debug|x64
		{344A092E-ED64-4B34-BE2B-129EBC7A9106}.Debug|x64.Build.0 = Debug|x64
		{344A092E-ED64-4B34-BE2B-129EBC7A9106}.Debug|x86.ActiveCfg = Debug|Win32
		{344A092E-ED64-4B34-BE2B-129EBC7A9106}.Debug|x86.Build.0 = Debug|Win32
		{344A092E-ED64-4B34-BE2B-129EBC7A9106}.Release|x64.ActiveCfg = Release|x64
		{344A092E-ED64-4B34-BE2B-129EBC7A9106}.Release|x64.Build.0 = Release|x64
		{344A092E-ED64-4B34-BE2B-129EBC7A9106}.Release|x86.ActiveCfg = Release|Win32
		{344A092E-ED64-4B34-BE2B-129EBC7A9106}.Release|x86.Build.0 = Release|Win32
	EndGlobalSection
	GlobalSection(SolutionProperties) = preSolution
		HideSolutionNode = FALSE
	EndGlobalSection
	GlobalSection(ExtensibilityGlobals) = postSolution
		SolutionGuid = {50E6554F-2DE8-4BC1-B3AC-ED4239858E98}
	EndGlobalSection
EndGlobal
